
Microsoft Visual Studio Solution File, Format Version 12.00
# Visual Studio 15
VisualStudioVersion = 15.0.28307.1259
MinimumVisualStudioVersion = 10.0.40219.1
Project("{FAE04EC0-301F-11D3-BF4B-00C04F79EFBC}") = "RentalKendaraan_044", "RentalKendaraan_044\RentalKendaraan_044.csproj", "{040F282C-B51C-40C9-90B1-5DEE9ECEF17D}"
EndProject
Global
	GlobalSection(SolutionConfigurationPlatforms) = preSolution
		Debug|Any CPU = Debug|Any CPU
		Release|Any CPU = Release|Any CPU
	EndGlobalSection
	GlobalSection(ProjectConfigurationPlatforms) = postSolution
		{040F282C-B51C-40C9-90B1-5DEE9ECEF17D}.Debug|Any CPU.ActiveCfg = Debug|Any CPU
		{040F282C-B51C-40C9-90B1-5DEE9ECEF17D}.Debug|Any CPU.Build.0 = Debug|Any CPU
		{040F282C-B51C-40C9-90B1-5DEE9ECEF17D}.Release|Any CPU.ActiveCfg = Release|Any CPU
		{040F282C-B51C-40C9-90B1-5DEE9ECEF17D}.Release|Any CPU.Build.0 = Release|Any CPU
	EndGlobalSection
	GlobalSection(SolutionProperties) = preSolution
		HideSolutionNode = FALSE
	EndGlobalSection
	GlobalSection(ExtensibilityGlobals) = postSolution
		SolutionGuid = {C1804D5B-EE2C-4602-B7A3-A14A72E6C6B1}
	EndGlobalSection
EndGlobal
